// !$*UTF8*$!
{
	archiveVersion = 1;
	classes = {
	};
	objectVersion = 46;
	objects = {

/* Begin PBXBuildFile section */
		7DBE250E1D80868200507B21 /* main.m in Sources */ = {isa = PBXBuildFile; fileRef = 7DBE250D1D80868200507B21 /* main.m */; };
		7DBE25161D80889600507B21 /* Dice.m in Sources */ = {isa = PBXBuildFile; fileRef = 7DBE25151D80889600507B21 /* Dice.m */; };
		7DBE251C1D809ADE00507B21 /* PlayerInput.m in Sources */ = {isa = PBXBuildFile; fileRef = 7DBE251B1D809ADE00507B21 /* PlayerInput.m */; };
		7DFFD5341D80A18400000F18 /* GameController.m in Sources */ = {isa = PBXBuildFile; fileRef = 7DFFD5331D80A18400000F18 /* GameController.m */; };
/* End PBXBuildFile section */

/* Begin PBXCopyFilesBuildPhase section */
		7DBE25081D80868200507B21 /* CopyFiles */ = {
			isa = PBXCopyFilesBuildPhase;
			buildActionMask = 2147483647;
			dstPath = /usr/share/man/man1/;
			dstSubfolderSpec = 0;
			files = (
			);
			runOnlyForDeploymentPostprocessing = 1;
		};
/* End PBXCopyFilesBuildPhase section */

/* Begin PBXFileReference section */
		7DBE250A1D80868200507B21 /* Three Low */ = {isa = PBXFileReference; explicitFileType = "compiled.mach-o.executable"; includeInIndex = 0; path = "Three Low"; sourceTree = BUILT_PRODUCTS_DIR; };
		7DBE250D1D80868200507B21 /* main.m */ = {isa = PBXFileReference; lastKnownFileType = sourcecode.c.objc; path = main.m; sourceTree = "<group>"; };
		7DBE25141D80889600507B21 /* Dice.h */ = {isa = PBXFileReference; fileEncoding = 4; lastKnownFileType = sourcecode.c.h; name = Dice.h; path = ../Dice.h; sourceTree = "<group>"; };
		7DBE25151D80889600507B21 /* Dice.m */ = {isa = PBXFileReference; fileEncoding = 4; lastKnownFileType = sourcecode.c.objc; name = Dice.m; path = ../Dice.m; sourceTree = "<group>"; };
		7DBE251A1D809ADE00507B21 /* PlayerInput.h */ = {isa = PBXFileReference; fileEncoding = 4; lastKnownFileType = sourcecode.c.h; name = PlayerInput.h; path = ../PlayerInput.h; sourceTree = "<group>"; };
		7DBE251B1D809ADE00507B21 /* PlayerInput.m */ = {isa = PBXFileReference; fileEncoding = 4; lastKnownFileType = sourcecode.c.objc; name = PlayerInput.m; path = ../PlayerInput.m; sourceTree = "<group>"; };
		7DFFD5321D80A18400000F18 /* GameController.h */ = {isa = PBXFileReference; fileEncoding = 4; lastKnownFileType = sourcecode.c.h; path = GameController.h; sourceTree = "<group>"; };
		7DFFD5331D80A18400000F18 /* GameController.m */ = {isa = PBXFileReference; fileEncoding = 4; lastKnownFileType = sourcecode.c.objc; path = GameController.m; sourceTree = "<group>"; };
/* End PBXFileReference section */

/* Begin PBXFrameworksBuildPhase section */
		7DBE25071D80868200507B21 /* Frameworks */ = {
			isa = PBXFrameworksBuildPhase;
			buildActionMask = 2147483647;
			files = (
			);
			runOnlyForDeploymentPostprocessing = 0;
		};
/* End PBXFrameworksBuildPhase section */

/* Begin PBXGroup section */
		7DBE25011D80868200507B21 = {
			isa = PBXGroup;
			children = (
				7DBE250C1D80868200507B21 /* Three Low */,
				7DBE250B1D80868200507B21 /* Products */,
			);
			sourceTree = "<group>";
		};
		7DBE250B1D80868200507B21 /* Products */ = {
			isa = PBXGroup;
			children = (
				7DBE250A1D80868200507B21 /* Three Low */,
			);
			name = Products;
			sourceTree = "<group>";
		};
		7DBE250C1D80868200507B21 /* Three Low */ = {
			isa = PBXGroup;
			children = (
				7DBE250D1D80868200507B21 /* main.m */,
				7DFFD5321D80A18400000F18 /* GameController.h */,
				7DFFD5331D80A18400000F18 /* GameController.m */,
				7DBE251A1D809ADE00507B21 /* PlayerInput.h */,
				7DBE251B1D809ADE00507B21 /* PlayerInput.m */,
				7DBE25141D80889600507B21 /* Dice.h */,
				7DBE25151D80889600507B21 /* Dice.m */,
			);
			path = "Three Low";
			sourceTree = "<group>";
		};
/* End PBXGroup section */

/* Begin PBXNativeTarget section */
		7DBE25091D80868200507B21 /* Three Low */ = {
			isa = PBXNativeTarget;
			buildConfigurationList = 7DBE25111D80868200507B21 /* Build configuration list for PBXNativeTarget "Three Low" */;
			buildPhases = (
				7DBE25061D80868200507B21 /* Sources */,
				7DBE25071D80868200507B21 /* Frameworks */,
				7DBE25081D80868200507B21 /* CopyFiles */,
			);
			buildRules = (
			);
			dependencies = (
			);
			name = "Three Low";
			productName = "Three Low";
			productReference = 7DBE250A1D80868200507B21 /* Three Low */;
			productType = "com.apple.product-type.tool";
		};
/* End PBXNativeTarget section */

/* Begin PBXProject section */
		7DBE25021D80868200507B21 /* Project object */ = {
			isa = PBXProject;
			attributes = {
				LastUpgradeCheck = 0730;
				ORGANIZATIONNAME = "Tevin Maker";
				TargetAttributes = {
					7DBE25091D80868200507B21 = {
						CreatedOnToolsVersion = 7.3.1;
					};
				};
			};
			buildConfigurationList = 7DBE25051D80868200507B21 /* Build configuration list for PBXProject "Three Low" */;
			compatibilityVersion = "Xcode 3.2";
			developmentRegion = English;
			hasScannedForEncodings = 0;
			knownRegions = (
				en,
			);
			mainGroup = 7DBE25011D80868200507B21;
			productRefGroup = 7DBE250B1D80868200507B21 /* Products */;
			projectDirPath = "";
			projectRoot = "";
			targets = (
				7DBE25091D80868200507B21 /* Three Low */,
			);
		};
/* End PBXProject section */

/* Begin PBXSourcesBuildPhase section */
		7DBE25061D80868200507B21 /* Sources */ = {
			isa = PBXSourcesBuildPhase;
			buildActionMask = 2147483647;
			files = (
				7DBE251C1D809ADE00507B21 /* PlayerInput.m in Sources */,
				7DFFD5341D80A18400000F18 /* GameController.m in Sources */,
				7DBE25161D80889600507B21 /* Dice.m in Sources */,
				7DBE250E1D80868200507B21 /* main.m in Sources */,
			);
			runOnlyForDeploymentPostprocessing = 0;
		};
/* End PBXSourcesBuildPhase section */

/* Begin XCBuildConfiguration section */
		7DBE250F1D80868200507B21 /* Debug */ = {
			isa = XCBuildConfiguration;
			buildSettings = {
				ALWAYS_SEARCH_USER_PATHS = NO;
				CLANG_ANALYZER_NONNULL = YES;
				CLANG_CXX_LANGUAGE_STANDARD = "gnu++0x";
				CLANG_CXX_LIBRARY = "libc++";
				CLANG_ENABLE_MODULES = YES;
				CLANG_ENABLE_OBJC_ARC = YES;
				CLANG_WARN_BOOL_CONVERSION = YES;
				CLANG_WARN_CONSTANT_CONVERSION = YES;
				CLANG_WARN_DIRECT_OBJC_ISA_USAGE = YES_ERROR;
				CLANG_WARN_EMPTY_BODY = YES;
				CLANG_WARN_ENUM_CONVERSION = YES;
				CLANG_WARN_INT_CONVERSION = YES;
				CLANG_WARN_OBJC_ROOT_CLASS = YES_ERROR;
				CLANG_WARN_UNREACHABLE_CODE = YES;
				CLANG_WARN__DUPLICATE_METHOD_MATCH = YES;
				CODE_SIGN_IDENTITY = "-";
				COPY_PHASE_STRIP = NO;
				DEBUG_INFORMATION_FORMAT = dwarf;
				ENABLE_STRICT_OBJC_MSGSEND = YES;
				ENABLE_TESTABILITY = YES;
				GCC_C_LANGUAGE_STANDARD = gnu99;
				GCC_DYNAMIC_NO_PIC = NO;
				GCC_NO_COMMON_BLOCKS = YES;
				GCC_OPTIMIZATION_LEVEL = 0;
				GCC_PREPROCESSOR_DEFINITIONS = (
					"DEBUG=1",
					"$(inherited)",
				);
				GCC_WARN_64_TO_32_BIT_CONVERSION = YES;
				GCC_WARN_ABOUT_RETURN_TYPE = YES_ERROR;
				GCC_WARN_UNDECLARED_SELECTOR = YES;
				GCC_WARN_UNINITIALIZED_AUTOS = YES_AGGRESSIVE;
				GCC_WARN_UNUSED_FUNCTION = YES;
				GCC_WARN_UNUSED_VARIABLE = YES;
				MACOSX_DEPLOYMENT_TARGET = 10.11;
				MTL_ENABLE_DEBUG_INFO = YES;
				ONLY_ACTIVE_ARCH = YES;
				SDKROOT = macosx;
			};
			name = Debug;
		};
		7DBE25101D80868200507B21 /* Release */ = {
			isa = XCBuildConfiguration;
			buildSettings = {
				ALWAYS_SEARCH_USER_PATHS = NO;
				CLANG_ANALYZER_NONNULL = YES;
				CLANG_CXX_LANGUAGE_STANDARD = "gnu++0x";
				CLANG_CXX_LIBRARY = "libc++";
				CLANG_ENABLE_MODULES = YES;
				CLANG_ENABLE_OBJC_ARC = YES;
				CLANG_WARN_BOOL_CONVERSION = YES;
				CLANG_WARN_CONSTANT_CONVERSION = YES;
				CLANG_WARN_DIRECT_OBJC_ISA_USAGE = YES_ERROR;
				CLANG_WARN_EMPTY_BODY = YES;
				CLANG_WARN_ENUM_CONVERSION = YES;
				CLANG_WARN_INT_CONVERSION = YES;
				CLANG_WARN_OBJC_ROOT_CLASS = YES_ERROR;
				CLANG_WARN_UNREACHABLE_CODE = YES;
				CLANG_WARN__DUPLICATE_METHOD_MATCH = YES;
				CODE_SIGN_IDENTITY = "-";
				COPY_PHASE_STRIP = NO;
				DEBUG_INFORMATION_FORMAT = "dwarf-with-dsym";
				ENABLE_NS_ASSERTIONS = NO;
				ENABLE_STRICT_OBJC_MSGSEND = YES;
				GCC_C_LANGUAGE_STANDARD = gnu99;
				GCC_NO_COMMON_BLOCKS = YES;
				GCC_WARN_64_TO_32_BIT_CONVERSION = YES;
				GCC_WARN_ABOUT_RETURN_TYPE = YES_ERROR;
				GCC_WARN_UNDECLARED_SELECTOR = YES;
				GCC_WARN_UNINITIALIZED_AUTOS = YES_AGGRESSIVE;
				GCC_WARN_UNUSED_FUNCTION = YES;
				GCC_WARN_UNUSED_VARIABLE = YES;
				MACOSX_DEPLOYMENT_TARGET = 10.11;
				MTL_ENABLE_DEBUG_INFO = NO;
				SDKROOT = macosx;
			};
			name = Release;
		};
		7DBE25121D80868200507B21 /* Debug */ = {
			isa = XCBuildConfiguration;
			buildSettings = {
				PRODUCT_NAME = "$(TARGET_NAME)";
			};
			name = Debug;
		};
		7DBE25131D80868200507B21 /* Release */ = {
			isa = XCBuildConfiguration;
			buildSettings = {
				PRODUCT_NAME = "$(TARGET_NAME)";
			};
			name = Release;
		};
/* End XCBuildConfiguration section */

/* Begin XCConfigurationList section */
		7DBE25051D80868200507B21 /* Build configuration list for PBXProject "Three Low" */ = {
			isa = XCConfigurationList;
			buildConfigurations = (
				7DBE250F1D80868200507B21 /* Debug */,
				7DBE25101D80868200507B21 /* Release */,
			);
			defaultConfigurationIsVisible = 0;
			defaultConfigurationName = Release;
		};
		7DBE25111D80868200507B21 /* Build configuration list for PBXNativeTarget "Three Low" */ = {
			isa = XCConfigurationList;
			buildConfigurations = (
				7DBE25121D80868200507B21 /* Debug */,
				7DBE25131D80868200507B21 /* Release */,
			);
			defaultConfigurationIsVisible = 0;
			defaultConfigurationName = Release;
		};
/* End XCConfigurationList section */
	};
	rootObject = 7DBE25021D80868200507B21 /* Project object */;
}
